
Microsoft Visual Studio Solution File, Format Version 12.00
# Visual Studio Version 17
VisualStudioVersion = 17.5.2.0
MinimumVisualStudioVersion = 10.0.40219.1
Project("{2150E333-8FDC-42A3-9474-1A3956D46DE8}") = "apps", "apps", "{1787FE1D-075E-9E68-7218-25F1BD1BBEAB}"
EndProject
Project("{2150E333-8FDC-42A3-9474-1A3956D46DE8}") = "libs", "libs", "{6C4D298B-81FB-2B6B-5AB6-46205EDDC72C}"
EndProject
Project("{2150E333-8FDC-42A3-9474-1A3956D46DE8}") = "dotnet", "dotnet", "{4C547B5B-1C79-D8DD-05F5-C6BAAD0FF0DF}"
EndProject
Project("{2150E333-8FDC-42A3-9474-1A3956D46DE8}") = "application", "application", "{885F4E88-ADF7-A08D-59BA-245192060212}"
EndProject
Project("{FAE04EC0-301F-11D3-BF4B-00C04F79EFBC}") = "CheeseGrater.Dotnet.Application", "libs\dotnet\application\CheeseGrater.Dotnet.Application.csproj", "{D120BDD5-DF4B-455D-B71C-DC40859B732B}"
EndProject
Project("{2150E333-8FDC-42A3-9474-1A3956D46DE8}") = "infrastructure", "infrastructure", "{AC9CB541-7C05-853D-DA3E-447BF04C6FC9}"
EndProject
Project("{FAE04EC0-301F-11D3-BF4B-00C04F79EFBC}") = "CheeseGrater.Dotnet.Infrastructure", "libs\dotnet\infrastructure\CheeseGrater.Dotnet.Infrastructure.csproj", "{78A77B8C-5B42-42C3-BDA0-A7F6A2B2C247}"
EndProject
Project("{2150E333-8FDC-42A3-9474-1A3956D46DE8}") = "dotnet", "dotnet", "{8A911403-05CA-0311-6682-E3413C4E3662}"
EndProject
Project("{2150E333-8FDC-42A3-9474-1A3956D46DE8}") = "web", "web", "{C0492119-AC39-BE70-43D6-9DFCB58C7B08}"
EndProject
Project("{FAE04EC0-301F-11D3-BF4B-00C04F79EFBC}") = "CheeseGrater.Dotnet.Web", "apps\dotnet\web\CheeseGrater.Dotnet.Web.csproj", "{A5E50E10-A884-411E-9593-08B6BD38C1F6}"
EndProject
Project("{2150E333-8FDC-42A3-9474-1A3956D46DE8}") = "web-test", "web-test", "{ADBA436A-E28A-DF78-34D3-DFAD5FF25A72}"
EndProject
Project("{FAE04EC0-301F-11D3-BF4B-00C04F79EFBC}") = "CheeseGrater.Dotnet.Web.Test", "apps\dotnet\web-test\CheeseGrater.Dotnet.Web.Test.csproj", "{C32CB457-B614-4195-B176-51A3726896AA}"
EndProject
Project("{2150E333-8FDC-42A3-9474-1A3956D46DE8}") = "core", "core", "{11503C56-C1A8-CC6D-B7CA-BAFEF0F047E8}"
EndProject
Project("{2150E333-8FDC-42A3-9474-1A3956D46DE8}") = "infrastructure", "infrastructure", "{CAE9D88E-B81B-FC44-391C-4E6D5BDDB3C4}"
EndProject
Project("{FAE04EC0-301F-11D3-BF4B-00C04F79EFBC}") = "CheeseGrater.Dotnet.Core.Infrastructure", "libs\dotnet\core\infrastructure\CheeseGrater.Dotnet.Core.Infrastructure.csproj", "{487D74E0-8323-4239-A197-5B9AB9C17A38}"
EndProject
Project("{2150E333-8FDC-42A3-9474-1A3956D46DE8}") = "application", "application", "{8155AF60-A808-1F62-6C7F-BC53A9605B73}"
EndProject
Project("{FAE04EC0-301F-11D3-BF4B-00C04F79EFBC}") = "CheeseGrater.Dotnet.Core.Application", "libs\dotnet\core\application\CheeseGrater.Dotnet.Core.Application.csproj", "{01C2365F-D502-4775-8F63-119D3C23C3D9}"
EndProject
Project("{2150E333-8FDC-42A3-9474-1A3956D46DE8}") = "domain", "domain", "{E44B1F36-3513-3041-C851-CCD7D2AC99C2}"
EndProject
Project("{FAE04EC0-301F-11D3-BF4B-00C04F79EFBC}") = "CheeseGrater.Dotnet.Core.Domain", "libs\dotnet\core\domain\CheeseGrater.Dotnet.Core.Domain.csproj", "{9CD5D4DA-DFF6-4D30-8097-6AD949AF1DAB}"
EndProject
Project("{2150E333-8FDC-42A3-9474-1A3956D46DE8}") = "dotnet-packages-aggregate", "dotnet-packages-aggregate", "{4BF37695-4FB3-7311-A1BF-FC0395E808DB}"
EndProject
Project("{FAE04EC0-301F-11D3-BF4B-00C04F79EFBC}") = "CheeseGrater.DotnetPackagesAggregate", "libs\dotnet-packages-aggregate\CheeseGrater.DotnetPackagesAggregate.csproj", "{A61C27B2-4FFE-4C4B-90DB-65B7BF48B80F}"
EndProject
Project("{2150E333-8FDC-42A3-9474-1A3956D46DE8}") = "rpg-api", "rpg-api", "{4BD89CA8-4222-C251-A4E7-FD979F3A8BF5}"
EndProject
Project("{FAE04EC0-301F-11D3-BF4B-00C04F79EFBC}") = "CheeseGrater.Dotnet.RpgApi", "apps\dotnet\rpg-api\CheeseGrater.Dotnet.RpgApi.csproj", "{670636E3-F59E-49CB-B2D8-31D4B726DEEE}"
EndProject
Project("{2150E333-8FDC-42A3-9474-1A3956D46DE8}") = "rpg-api-test", "rpg-api-test", "{74E93EC8-10BD-E79E-6B4F-1687C55D3DFA}"
EndProject
Project("{FAE04EC0-301F-11D3-BF4B-00C04F79EFBC}") = "CheeseGrater.Dotnet.RpgApi.Test", "apps\dotnet\rpg-api-test\CheeseGrater.Dotnet.RpgApi.Test.csproj", "{49B2315C-0620-4C98-A546-864F47B0AC25}"
EndProject
Project("{2150E333-8FDC-42A3-9474-1A3956D46DE8}") = "services", "services", "{F74739B2-9BA2-4522-1096-533C352DB2C3}"
EndProject
Project("{2150E333-8FDC-42A3-9474-1A3956D46DE8}") = "rpg-api", "rpg-api", "{6C61C1C1-AD76-5705-7943-C5CFA3164C1E}"
EndProject
Project("{2150E333-8FDC-42A3-9474-1A3956D46DE8}") = "domain", "domain", "{71FC407D-E26D-D9FF-86C3-AFC42FC6F310}"
EndProject
Project("{FAE04EC0-301F-11D3-BF4B-00C04F79EFBC}") = "CheeseGrater.Dotnet.Services.RpgApi.Domain", "libs\dotnet\services\rpg-api\domain\CheeseGrater.Dotnet.Services.RpgApi.Domain.csproj", "{A833B9A0-1E0F-47A8-8199-24AEF2BE8033}"
EndProject
Project("{2150E333-8FDC-42A3-9474-1A3956D46DE8}") = "domain-test", "domain-test", "{2244A761-9AA9-B51D-A56B-DAB0AB8D2FF5}"
EndProject
Project("{FAE04EC0-301F-11D3-BF4B-00C04F79EFBC}") = "CheeseGrater.Dotnet.Services.RpgApi.Domain.Test", "libs\dotnet\services\rpg-api\domain-test\CheeseGrater.Dotnet.Services.RpgApi.Domain.Test.csproj", "{761A241C-81EB-4A5C-9AEF-A498E73A11D7}"
EndProject
Project("{2150E333-8FDC-42A3-9474-1A3956D46DE8}") = "application", "application", "{5B105D9C-74DE-81DA-59FE-06EC2A2A28E1}"
EndProject
Project("{FAE04EC0-301F-11D3-BF4B-00C04F79EFBC}") = "CheeseGrater.Dotnet.Services.RpgApi.Application", "libs\dotnet\services\rpg-api\application\CheeseGrater.Dotnet.Services.RpgApi.Application.csproj", "{20DB3023-F358-4C35-8601-2162FE022619}"
EndProject
Project("{2150E333-8FDC-42A3-9474-1A3956D46DE8}") = "application-test", "application-test", "{09F66FD1-C00B-3ABA-13CB-97D4C53C0172}"
EndProject
Project("{FAE04EC0-301F-11D3-BF4B-00C04F79EFBC}") = "CheeseGrater.Dotnet.Services.RpgApi.Application.Test", "libs\dotnet\services\rpg-api\application-test\CheeseGrater.Dotnet.Services.RpgApi.Application.Test.csproj", "{C64F8A7C-0EE3-47CF-9F2F-990A42F4E154}"
EndProject
Project("{2150E333-8FDC-42A3-9474-1A3956D46DE8}") = "infrastructure", "infrastructure", "{C788D591-62C6-B853-D30B-28015BB3B58F}"
EndProject
Project("{FAE04EC0-301F-11D3-BF4B-00C04F79EFBC}") = "CheeseGrater.Dotnet.Services.RpgApi.Infrastructure", "libs\dotnet\services\rpg-api\infrastructure\CheeseGrater.Dotnet.Services.RpgApi.Infrastructure.csproj", "{5C4D04BF-38C1-4C9C-974D-92A5C973CBF9}"
EndProject
Project("{2150E333-8FDC-42A3-9474-1A3956D46DE8}") = "infrastructure-test", "infrastructure-test", "{7306867B-60EC-0D96-933A-05B200885BDC}"
EndProject
Project("{FAE04EC0-301F-11D3-BF4B-00C04F79EFBC}") = "CheeseGrater.Dotnet.Services.RpgApi.Infrastructure.Test", "libs\dotnet\services\rpg-api\infrastructure-test\CheeseGrater.Dotnet.Services.RpgApi.Infrastructure.Test.csproj", "{6CDD5B7C-E74F-4CB4-B497-5EEE9ADD2E15}"
EndProject
Project("{2150E333-8FDC-42A3-9474-1A3956D46DE8}") = "rpg-game-server", "rpg-game-server", "{64A7A3D1-AD7B-5101-CB29-98637EBD81B7}"
EndProject
Project("{2150E333-8FDC-42A3-9474-1A3956D46DE8}") = "rpg-game-server-test", "rpg-game-server-test", "{197441A9-F146-8621-EF5B-6D4D4955D079}"
EndProject
Project("{FAE04EC0-301F-11D3-BF4B-00C04F79EFBC}") = "GrpcTester", "GrpcTester\GrpcTester.csproj", "{2066DF3A-5326-46EE-AB4D-00E054B16332}"
EndProject
Global
	GlobalSection(SolutionConfigurationPlatforms) = preSolution
		Debug|Any CPU = Debug|Any CPU
		Debug|x64 = Debug|x64
		Debug|x86 = Debug|x86
		Release|Any CPU = Release|Any CPU
		Release|x64 = Release|x64
		Release|x86 = Release|x86
	EndGlobalSection
	GlobalSection(ProjectConfigurationPlatforms) = postSolution
		{D120BDD5-DF4B-455D-B71C-DC40859B732B}.Debug|Any CPU.ActiveCfg = Debug|Any CPU
		{D120BDD5-DF4B-455D-B71C-DC40859B732B}.Debug|Any CPU.Build.0 = Debug|Any CPU
		{D120BDD5-DF4B-455D-B71C-DC40859B732B}.Debug|x64.ActiveCfg = Debug|Any CPU
		{D120BDD5-DF4B-455D-B71C-DC40859B732B}.Debug|x64.Build.0 = Debug|Any CPU
		{D120BDD5-DF4B-455D-B71C-DC40859B732B}.Debug|x86.ActiveCfg = Debug|Any CPU
		{D120BDD5-DF4B-455D-B71C-DC40859B732B}.Debug|x86.Build.0 = Debug|Any CPU
		{D120BDD5-DF4B-455D-B71C-DC40859B732B}.Release|Any CPU.ActiveCfg = Release|Any CPU
		{D120BDD5-DF4B-455D-B71C-DC40859B732B}.Release|Any CPU.Build.0 = Release|Any CPU
		{D120BDD5-DF4B-455D-B71C-DC40859B732B}.Release|x64.ActiveCfg = Release|Any CPU
		{D120BDD5-DF4B-455D-B71C-DC40859B732B}.Release|x64.Build.0 = Release|Any CPU
		{D120BDD5-DF4B-455D-B71C-DC40859B732B}.Release|x86.ActiveCfg = Release|Any CPU
		{D120BDD5-DF4B-455D-B71C-DC40859B732B}.Release|x86.Build.0 = Release|Any CPU
		{78A77B8C-5B42-42C3-BDA0-A7F6A2B2C247}.Debug|Any CPU.ActiveCfg = Debug|Any CPU
		{78A77B8C-5B42-42C3-BDA0-A7F6A2B2C247}.Debug|Any CPU.Build.0 = Debug|Any CPU
		{78A77B8C-5B42-42C3-BDA0-A7F6A2B2C247}.Debug|x64.ActiveCfg = Debug|Any CPU
		{78A77B8C-5B42-42C3-BDA0-A7F6A2B2C247}.Debug|x64.Build.0 = Debug|Any CPU
		{78A77B8C-5B42-42C3-BDA0-A7F6A2B2C247}.Debug|x86.ActiveCfg = Debug|Any CPU
		{78A77B8C-5B42-42C3-BDA0-A7F6A2B2C247}.Debug|x86.Build.0 = Debug|Any CPU
		{78A77B8C-5B42-42C3-BDA0-A7F6A2B2C247}.Release|Any CPU.ActiveCfg = Release|Any CPU
		{78A77B8C-5B42-42C3-BDA0-A7F6A2B2C247}.Release|Any CPU.Build.0 = Release|Any CPU
		{78A77B8C-5B42-42C3-BDA0-A7F6A2B2C247}.Release|x64.ActiveCfg = Release|Any CPU
		{78A77B8C-5B42-42C3-BDA0-A7F6A2B2C247}.Release|x64.Build.0 = Release|Any CPU
		{78A77B8C-5B42-42C3-BDA0-A7F6A2B2C247}.Release|x86.ActiveCfg = Release|Any CPU
		{78A77B8C-5B42-42C3-BDA0-A7F6A2B2C247}.Release|x86.Build.0 = Release|Any CPU
		{A5E50E10-A884-411E-9593-08B6BD38C1F6}.Debug|Any CPU.ActiveCfg = Debug|Any CPU
		{A5E50E10-A884-411E-9593-08B6BD38C1F6}.Debug|Any CPU.Build.0 = Debug|Any CPU
		{A5E50E10-A884-411E-9593-08B6BD38C1F6}.Debug|x64.ActiveCfg = Debug|Any CPU
		{A5E50E10-A884-411E-9593-08B6BD38C1F6}.Debug|x64.Build.0 = Debug|Any CPU
		{A5E50E10-A884-411E-9593-08B6BD38C1F6}.Debug|x86.ActiveCfg = Debug|Any CPU
		{A5E50E10-A884-411E-9593-08B6BD38C1F6}.Debug|x86.Build.0 = Debug|Any CPU
		{A5E50E10-A884-411E-9593-08B6BD38C1F6}.Release|Any CPU.ActiveCfg = Release|Any CPU
		{A5E50E10-A884-411E-9593-08B6BD38C1F6}.Release|Any CPU.Build.0 = Release|Any CPU
		{A5E50E10-A884-411E-9593-08B6BD38C1F6}.Release|x64.ActiveCfg = Release|Any CPU
		{A5E50E10-A884-411E-9593-08B6BD38C1F6}.Release|x64.Build.0 = Release|Any CPU
		{A5E50E10-A884-411E-9593-08B6BD38C1F6}.Release|x86.ActiveCfg = Release|Any CPU
		{A5E50E10-A884-411E-9593-08B6BD38C1F6}.Release|x86.Build.0 = Release|Any CPU
		{C32CB457-B614-4195-B176-51A3726896AA}.Debug|Any CPU.ActiveCfg = Debug|Any CPU
		{C32CB457-B614-4195-B176-51A3726896AA}.Debug|Any CPU.Build.0 = Debug|Any CPU
		{C32CB457-B614-4195-B176-51A3726896AA}.Debug|x64.ActiveCfg = Debug|Any CPU
		{C32CB457-B614-4195-B176-51A3726896AA}.Debug|x64.Build.0 = Debug|Any CPU
		{C32CB457-B614-4195-B176-51A3726896AA}.Debug|x86.ActiveCfg = Debug|Any CPU
		{C32CB457-B614-4195-B176-51A3726896AA}.Debug|x86.Build.0 = Debug|Any CPU
		{C32CB457-B614-4195-B176-51A3726896AA}.Release|Any CPU.ActiveCfg = Release|Any CPU
		{C32CB457-B614-4195-B176-51A3726896AA}.Release|Any CPU.Build.0 = Release|Any CPU
		{C32CB457-B614-4195-B176-51A3726896AA}.Release|x64.ActiveCfg = Release|Any CPU
		{C32CB457-B614-4195-B176-51A3726896AA}.Release|x64.Build.0 = Release|Any CPU
		{C32CB457-B614-4195-B176-51A3726896AA}.Release|x86.ActiveCfg = Release|Any CPU
		{C32CB457-B614-4195-B176-51A3726896AA}.Release|x86.Build.0 = Release|Any CPU
		{487D74E0-8323-4239-A197-5B9AB9C17A38}.Debug|Any CPU.ActiveCfg = Debug|Any CPU
		{487D74E0-8323-4239-A197-5B9AB9C17A38}.Debug|Any CPU.Build.0 = Debug|Any CPU
		{487D74E0-8323-4239-A197-5B9AB9C17A38}.Debug|x64.ActiveCfg = Debug|Any CPU
		{487D74E0-8323-4239-A197-5B9AB9C17A38}.Debug|x64.Build.0 = Debug|Any CPU
		{487D74E0-8323-4239-A197-5B9AB9C17A38}.Debug|x86.ActiveCfg = Debug|Any CPU
		{487D74E0-8323-4239-A197-5B9AB9C17A38}.Debug|x86.Build.0 = Debug|Any CPU
		{487D74E0-8323-4239-A197-5B9AB9C17A38}.Release|Any CPU.ActiveCfg = Release|Any CPU
		{487D74E0-8323-4239-A197-5B9AB9C17A38}.Release|Any CPU.Build.0 = Release|Any CPU
		{487D74E0-8323-4239-A197-5B9AB9C17A38}.Release|x64.ActiveCfg = Release|Any CPU
		{487D74E0-8323-4239-A197-5B9AB9C17A38}.Release|x64.Build.0 = Release|Any CPU
		{487D74E0-8323-4239-A197-5B9AB9C17A38}.Release|x86.ActiveCfg = Release|Any CPU
		{487D74E0-8323-4239-A197-5B9AB9C17A38}.Release|x86.Build.0 = Release|Any CPU
		{01C2365F-D502-4775-8F63-119D3C23C3D9}.Debug|Any CPU.ActiveCfg = Debug|Any CPU
		{01C2365F-D502-4775-8F63-119D3C23C3D9}.Debug|Any CPU.Build.0 = Debug|Any CPU
		{01C2365F-D502-4775-8F63-119D3C23C3D9}.Debug|x64.ActiveCfg = Debug|Any CPU
		{01C2365F-D502-4775-8F63-119D3C23C3D9}.Debug|x64.Build.0 = Debug|Any CPU
		{01C2365F-D502-4775-8F63-119D3C23C3D9}.Debug|x86.ActiveCfg = Debug|Any CPU
		{01C2365F-D502-4775-8F63-119D3C23C3D9}.Debug|x86.Build.0 = Debug|Any CPU
		{01C2365F-D502-4775-8F63-119D3C23C3D9}.Release|Any CPU.ActiveCfg = Release|Any CPU
		{01C2365F-D502-4775-8F63-119D3C23C3D9}.Release|Any CPU.Build.0 = Release|Any CPU
		{01C2365F-D502-4775-8F63-119D3C23C3D9}.Release|x64.ActiveCfg = Release|Any CPU
		{01C2365F-D502-4775-8F63-119D3C23C3D9}.Release|x64.Build.0 = Release|Any CPU
		{01C2365F-D502-4775-8F63-119D3C23C3D9}.Release|x86.ActiveCfg = Release|Any CPU
		{01C2365F-D502-4775-8F63-119D3C23C3D9}.Release|x86.Build.0 = Release|Any CPU
		{9CD5D4DA-DFF6-4D30-8097-6AD949AF1DAB}.Debug|Any CPU.ActiveCfg = Debug|Any CPU
		{9CD5D4DA-DFF6-4D30-8097-6AD949AF1DAB}.Debug|Any CPU.Build.0 = Debug|Any CPU
		{9CD5D4DA-DFF6-4D30-8097-6AD949AF1DAB}.Debug|x64.ActiveCfg = Debug|Any CPU
		{9CD5D4DA-DFF6-4D30-8097-6AD949AF1DAB}.Debug|x64.Build.0 = Debug|Any CPU
		{9CD5D4DA-DFF6-4D30-8097-6AD949AF1DAB}.Debug|x86.ActiveCfg = Debug|Any CPU
		{9CD5D4DA-DFF6-4D30-8097-6AD949AF1DAB}.Debug|x86.Build.0 = Debug|Any CPU
		{9CD5D4DA-DFF6-4D30-8097-6AD949AF1DAB}.Release|Any CPU.ActiveCfg = Release|Any CPU
		{9CD5D4DA-DFF6-4D30-8097-6AD949AF1DAB}.Release|Any CPU.Build.0 = Release|Any CPU
		{9CD5D4DA-DFF6-4D30-8097-6AD949AF1DAB}.Release|x64.ActiveCfg = Release|Any CPU
		{9CD5D4DA-DFF6-4D30-8097-6AD949AF1DAB}.Release|x64.Build.0 = Release|Any CPU
		{9CD5D4DA-DFF6-4D30-8097-6AD949AF1DAB}.Release|x86.ActiveCfg = Release|Any CPU
		{9CD5D4DA-DFF6-4D30-8097-6AD949AF1DAB}.Release|x86.Build.0 = Release|Any CPU
		{A61C27B2-4FFE-4C4B-90DB-65B7BF48B80F}.Debug|Any CPU.ActiveCfg = Debug|Any CPU
		{A61C27B2-4FFE-4C4B-90DB-65B7BF48B80F}.Debug|Any CPU.Build.0 = Debug|Any CPU
		{A61C27B2-4FFE-4C4B-90DB-65B7BF48B80F}.Debug|x64.ActiveCfg = Debug|Any CPU
		{A61C27B2-4FFE-4C4B-90DB-65B7BF48B80F}.Debug|x64.Build.0 = Debug|Any CPU
		{A61C27B2-4FFE-4C4B-90DB-65B7BF48B80F}.Debug|x86.ActiveCfg = Debug|Any CPU
		{A61C27B2-4FFE-4C4B-90DB-65B7BF48B80F}.Debug|x86.Build.0 = Debug|Any CPU
		{A61C27B2-4FFE-4C4B-90DB-65B7BF48B80F}.Release|Any CPU.ActiveCfg = Release|Any CPU
		{A61C27B2-4FFE-4C4B-90DB-65B7BF48B80F}.Release|Any CPU.Build.0 = Release|Any CPU
		{A61C27B2-4FFE-4C4B-90DB-65B7BF48B80F}.Release|x64.ActiveCfg = Release|Any CPU
		{A61C27B2-4FFE-4C4B-90DB-65B7BF48B80F}.Release|x64.Build.0 = Release|Any CPU
		{A61C27B2-4FFE-4C4B-90DB-65B7BF48B80F}.Release|x86.ActiveCfg = Release|Any CPU
		{A61C27B2-4FFE-4C4B-90DB-65B7BF48B80F}.Release|x86.Build.0 = Release|Any CPU
		{670636E3-F59E-49CB-B2D8-31D4B726DEEE}.Debug|Any CPU.ActiveCfg = Debug|Any CPU
		{670636E3-F59E-49CB-B2D8-31D4B726DEEE}.Debug|Any CPU.Build.0 = Debug|Any CPU
		{670636E3-F59E-49CB-B2D8-31D4B726DEEE}.Debug|x64.ActiveCfg = Debug|Any CPU
		{670636E3-F59E-49CB-B2D8-31D4B726DEEE}.Debug|x64.Build.0 = Debug|Any CPU
		{670636E3-F59E-49CB-B2D8-31D4B726DEEE}.Debug|x86.ActiveCfg = Debug|Any CPU
		{670636E3-F59E-49CB-B2D8-31D4B726DEEE}.Debug|x86.Build.0 = Debug|Any CPU
		{670636E3-F59E-49CB-B2D8-31D4B726DEEE}.Release|Any CPU.ActiveCfg = Release|Any CPU
		{670636E3-F59E-49CB-B2D8-31D4B726DEEE}.Release|Any CPU.Build.0 = Release|Any CPU
		{670636E3-F59E-49CB-B2D8-31D4B726DEEE}.Release|x64.ActiveCfg = Release|Any CPU
		{670636E3-F59E-49CB-B2D8-31D4B726DEEE}.Release|x64.Build.0 = Release|Any CPU
		{670636E3-F59E-49CB-B2D8-31D4B726DEEE}.Release|x86.ActiveCfg = Release|Any CPU
		{670636E3-F59E-49CB-B2D8-31D4B726DEEE}.Release|x86.Build.0 = Release|Any CPU
		{49B2315C-0620-4C98-A546-864F47B0AC25}.Debug|Any CPU.ActiveCfg = Debug|Any CPU
		{49B2315C-0620-4C98-A546-864F47B0AC25}.Debug|Any CPU.Build.0 = Debug|Any CPU
		{49B2315C-0620-4C98-A546-864F47B0AC25}.Debug|x64.ActiveCfg = Debug|Any CPU
		{49B2315C-0620-4C98-A546-864F47B0AC25}.Debug|x64.Build.0 = Debug|Any CPU
		{49B2315C-0620-4C98-A546-864F47B0AC25}.Debug|x86.ActiveCfg = Debug|Any CPU
		{49B2315C-0620-4C98-A546-864F47B0AC25}.Debug|x86.Build.0 = Debug|Any CPU
		{49B2315C-0620-4C98-A546-864F47B0AC25}.Release|Any CPU.ActiveCfg = Release|Any CPU
		{49B2315C-0620-4C98-A546-864F47B0AC25}.Release|Any CPU.Build.0 = Release|Any CPU
		{49B2315C-0620-4C98-A546-864F47B0AC25}.Release|x64.ActiveCfg = Release|Any CPU
		{49B2315C-0620-4C98-A546-864F47B0AC25}.Release|x64.Build.0 = Release|Any CPU
		{49B2315C-0620-4C98-A546-864F47B0AC25}.Release|x86.ActiveCfg = Release|Any CPU
		{49B2315C-0620-4C98-A546-864F47B0AC25}.Release|x86.Build.0 = Release|Any CPU
		{A833B9A0-1E0F-47A8-8199-24AEF2BE8033}.Debug|Any CPU.ActiveCfg = Debug|Any CPU
		{A833B9A0-1E0F-47A8-8199-24AEF2BE8033}.Debug|Any CPU.Build.0 = Debug|Any CPU
		{A833B9A0-1E0F-47A8-8199-24AEF2BE8033}.Debug|x64.ActiveCfg = Debug|Any CPU
		{A833B9A0-1E0F-47A8-8199-24AEF2BE8033}.Debug|x64.Build.0 = Debug|Any CPU
		{A833B9A0-1E0F-47A8-8199-24AEF2BE8033}.Debug|x86.ActiveCfg = Debug|Any CPU
		{A833B9A0-1E0F-47A8-8199-24AEF2BE8033}.Debug|x86.Build.0 = Debug|Any CPU
		{A833B9A0-1E0F-47A8-8199-24AEF2BE8033}.Release|Any CPU.ActiveCfg = Release|Any CPU
		{A833B9A0-1E0F-47A8-8199-24AEF2BE8033}.Release|Any CPU.Build.0 = Release|Any CPU
		{A833B9A0-1E0F-47A8-8199-24AEF2BE8033}.Release|x64.ActiveCfg = Release|Any CPU
		{A833B9A0-1E0F-47A8-8199-24AEF2BE8033}.Release|x64.Build.0 = Release|Any CPU
		{A833B9A0-1E0F-47A8-8199-24AEF2BE8033}.Release|x86.ActiveCfg = Release|Any CPU
		{A833B9A0-1E0F-47A8-8199-24AEF2BE8033}.Release|x86.Build.0 = Release|Any CPU
		{761A241C-81EB-4A5C-9AEF-A498E73A11D7}.Debug|Any CPU.ActiveCfg = Debug|Any CPU
		{761A241C-81EB-4A5C-9AEF-A498E73A11D7}.Debug|Any CPU.Build.0 = Debug|Any CPU
		{761A241C-81EB-4A5C-9AEF-A498E73A11D7}.Debug|x64.ActiveCfg = Debug|Any CPU
		{761A241C-81EB-4A5C-9AEF-A498E73A11D7}.Debug|x64.Build.0 = Debug|Any CPU
		{761A241C-81EB-4A5C-9AEF-A498E73A11D7}.Debug|x86.ActiveCfg = Debug|Any CPU
		{761A241C-81EB-4A5C-9AEF-A498E73A11D7}.Debug|x86.Build.0 = Debug|Any CPU
		{761A241C-81EB-4A5C-9AEF-A498E73A11D7}.Release|Any CPU.ActiveCfg = Release|Any CPU
		{761A241C-81EB-4A5C-9AEF-A498E73A11D7}.Release|Any CPU.Build.0 = Release|Any CPU
		{761A241C-81EB-4A5C-9AEF-A498E73A11D7}.Release|x64.ActiveCfg = Release|Any CPU
		{761A241C-81EB-4A5C-9AEF-A498E73A11D7}.Release|x64.Build.0 = Release|Any CPU
		{761A241C-81EB-4A5C-9AEF-A498E73A11D7}.Release|x86.ActiveCfg = Release|Any CPU
		{761A241C-81EB-4A5C-9AEF-A498E73A11D7}.Release|x86.Build.0 = Release|Any CPU
		{20DB3023-F358-4C35-8601-2162FE022619}.Debug|Any CPU.ActiveCfg = Debug|Any CPU
		{20DB3023-F358-4C35-8601-2162FE022619}.Debug|Any CPU.Build.0 = Debug|Any CPU
		{20DB3023-F358-4C35-8601-2162FE022619}.Debug|x64.ActiveCfg = Debug|Any CPU
		{20DB3023-F358-4C35-8601-2162FE022619}.Debug|x64.Build.0 = Debug|Any CPU
		{20DB3023-F358-4C35-8601-2162FE022619}.Debug|x86.ActiveCfg = Debug|Any CPU
		{20DB3023-F358-4C35-8601-2162FE022619}.Debug|x86.Build.0 = Debug|Any CPU
		{20DB3023-F358-4C35-8601-2162FE022619}.Release|Any CPU.ActiveCfg = Release|Any CPU
		{20DB3023-F358-4C35-8601-2162FE022619}.Release|Any CPU.Build.0 = Release|Any CPU
		{20DB3023-F358-4C35-8601-2162FE022619}.Release|x64.ActiveCfg = Release|Any CPU
		{20DB3023-F358-4C35-8601-2162FE022619}.Release|x64.Build.0 = Release|Any CPU
		{20DB3023-F358-4C35-8601-2162FE022619}.Release|x86.ActiveCfg = Release|Any CPU
		{20DB3023-F358-4C35-8601-2162FE022619}.Release|x86.Build.0 = Release|Any CPU
		{C64F8A7C-0EE3-47CF-9F2F-990A42F4E154}.Debug|Any CPU.ActiveCfg = Debug|Any CPU
		{C64F8A7C-0EE3-47CF-9F2F-990A42F4E154}.Debug|Any CPU.Build.0 = Debug|Any CPU
		{C64F8A7C-0EE3-47CF-9F2F-990A42F4E154}.Debug|x64.ActiveCfg = Debug|Any CPU
		{C64F8A7C-0EE3-47CF-9F2F-990A42F4E154}.Debug|x64.Build.0 = Debug|Any CPU
		{C64F8A7C-0EE3-47CF-9F2F-990A42F4E154}.Debug|x86.ActiveCfg = Debug|Any CPU
		{C64F8A7C-0EE3-47CF-9F2F-990A42F4E154}.Debug|x86.Build.0 = Debug|Any CPU
		{C64F8A7C-0EE3-47CF-9F2F-990A42F4E154}.Release|Any CPU.ActiveCfg = Release|Any CPU
		{C64F8A7C-0EE3-47CF-9F2F-990A42F4E154}.Release|Any CPU.Build.0 = Release|Any CPU
		{C64F8A7C-0EE3-47CF-9F2F-990A42F4E154}.Release|x64.ActiveCfg = Release|Any CPU
		{C64F8A7C-0EE3-47CF-9F2F-990A42F4E154}.Release|x64.Build.0 = Release|Any CPU
		{C64F8A7C-0EE3-47CF-9F2F-990A42F4E154}.Release|x86.ActiveCfg = Release|Any CPU
		{C64F8A7C-0EE3-47CF-9F2F-990A42F4E154}.Release|x86.Build.0 = Release|Any CPU
		{5C4D04BF-38C1-4C9C-974D-92A5C973CBF9}.Debug|Any CPU.ActiveCfg = Debug|Any CPU
		{5C4D04BF-38C1-4C9C-974D-92A5C973CBF9}.Debug|Any CPU.Build.0 = Debug|Any CPU
		{5C4D04BF-38C1-4C9C-974D-92A5C973CBF9}.Debug|x64.ActiveCfg = Debug|Any CPU
		{5C4D04BF-38C1-4C9C-974D-92A5C973CBF9}.Debug|x64.Build.0 = Debug|Any CPU
		{5C4D04BF-38C1-4C9C-974D-92A5C973CBF9}.Debug|x86.ActiveCfg = Debug|Any CPU
		{5C4D04BF-38C1-4C9C-974D-92A5C973CBF9}.Debug|x86.Build.0 = Debug|Any CPU
		{5C4D04BF-38C1-4C9C-974D-92A5C973CBF9}.Release|Any CPU.ActiveCfg = Release|Any CPU
		{5C4D04BF-38C1-4C9C-974D-92A5C973CBF9}.Release|Any CPU.Build.0 = Release|Any CPU
		{5C4D04BF-38C1-4C9C-974D-92A5C973CBF9}.Release|x64.ActiveCfg = Release|Any CPU
		{5C4D04BF-38C1-4C9C-974D-92A5C973CBF9}.Release|x64.Build.0 = Release|Any CPU
		{5C4D04BF-38C1-4C9C-974D-92A5C973CBF9}.Release|x86.ActiveCfg = Release|Any CPU
		{5C4D04BF-38C1-4C9C-974D-92A5C973CBF9}.Release|x86.Build.0 = Release|Any CPU
		{6CDD5B7C-E74F-4CB4-B497-5EEE9ADD2E15}.Debug|Any CPU.ActiveCfg = Debug|Any CPU
		{6CDD5B7C-E74F-4CB4-B497-5EEE9ADD2E15}.Debug|Any CPU.Build.0 = Debug|Any CPU
		{6CDD5B7C-E74F-4CB4-B497-5EEE9ADD2E15}.Debug|x64.ActiveCfg = Debug|Any CPU
		{6CDD5B7C-E74F-4CB4-B497-5EEE9ADD2E15}.Debug|x64.Build.0 = Debug|Any CPU
		{6CDD5B7C-E74F-4CB4-B497-5EEE9ADD2E15}.Debug|x86.ActiveCfg = Debug|Any CPU
		{6CDD5B7C-E74F-4CB4-B497-5EEE9ADD2E15}.Debug|x86.Build.0 = Debug|Any CPU
		{6CDD5B7C-E74F-4CB4-B497-5EEE9ADD2E15}.Release|Any CPU.ActiveCfg = Release|Any CPU
		{6CDD5B7C-E74F-4CB4-B497-5EEE9ADD2E15}.Release|Any CPU.Build.0 = Release|Any CPU
		{6CDD5B7C-E74F-4CB4-B497-5EEE9ADD2E15}.Release|x64.ActiveCfg = Release|Any CPU
		{6CDD5B7C-E74F-4CB4-B497-5EEE9ADD2E15}.Release|x64.Build.0 = Release|Any CPU
		{6CDD5B7C-E74F-4CB4-B497-5EEE9ADD2E15}.Release|x86.ActiveCfg = Release|Any CPU
		{6CDD5B7C-E74F-4CB4-B497-5EEE9ADD2E15}.Release|x86.Build.0 = Release|Any CPU
		{2066DF3A-5326-46EE-AB4D-00E054B16332}.Debug|Any CPU.ActiveCfg = Debug|Any CPU
		{2066DF3A-5326-46EE-AB4D-00E054B16332}.Debug|Any CPU.Build.0 = Debug|Any CPU
		{2066DF3A-5326-46EE-AB4D-00E054B16332}.Debug|x64.ActiveCfg = Debug|Any CPU
		{2066DF3A-5326-46EE-AB4D-00E054B16332}.Debug|x64.Build.0 = Debug|Any CPU
		{2066DF3A-5326-46EE-AB4D-00E054B16332}.Debug|x86.ActiveCfg = Debug|Any CPU
		{2066DF3A-5326-46EE-AB4D-00E054B16332}.Debug|x86.Build.0 = Debug|Any CPU
		{2066DF3A-5326-46EE-AB4D-00E054B16332}.Release|Any CPU.ActiveCfg = Release|Any CPU
		{2066DF3A-5326-46EE-AB4D-00E054B16332}.Release|Any CPU.Build.0 = Release|Any CPU
		{2066DF3A-5326-46EE-AB4D-00E054B16332}.Release|x64.ActiveCfg = Release|Any CPU
		{2066DF3A-5326-46EE-AB4D-00E054B16332}.Release|x64.Build.0 = Release|Any CPU
		{2066DF3A-5326-46EE-AB4D-00E054B16332}.Release|x86.ActiveCfg = Release|Any CPU
		{2066DF3A-5326-46EE-AB4D-00E054B16332}.Release|x86.Build.0 = Release|Any CPU
	EndGlobalSection
	GlobalSection(SolutionProperties) = preSolution
		HideSolutionNode = FALSE
	EndGlobalSection
	GlobalSection(NestedProjects) = preSolution
		{4C547B5B-1C79-D8DD-05F5-C6BAAD0FF0DF} = {6C4D298B-81FB-2B6B-5AB6-46205EDDC72C}
		{885F4E88-ADF7-A08D-59BA-245192060212} = {4C547B5B-1C79-D8DD-05F5-C6BAAD0FF0DF}
		{D120BDD5-DF4B-455D-B71C-DC40859B732B} = {885F4E88-ADF7-A08D-59BA-245192060212}
		{AC9CB541-7C05-853D-DA3E-447BF04C6FC9} = {4C547B5B-1C79-D8DD-05F5-C6BAAD0FF0DF}
		{78A77B8C-5B42-42C3-BDA0-A7F6A2B2C247} = {AC9CB541-7C05-853D-DA3E-447BF04C6FC9}
		{8A911403-05CA-0311-6682-E3413C4E3662} = {1787FE1D-075E-9E68-7218-25F1BD1BBEAB}
		{C0492119-AC39-BE70-43D6-9DFCB58C7B08} = {8A911403-05CA-0311-6682-E3413C4E3662}
		{A5E50E10-A884-411E-9593-08B6BD38C1F6} = {C0492119-AC39-BE70-43D6-9DFCB58C7B08}
		{ADBA436A-E28A-DF78-34D3-DFAD5FF25A72} = {8A911403-05CA-0311-6682-E3413C4E3662}
		{C32CB457-B614-4195-B176-51A3726896AA} = {ADBA436A-E28A-DF78-34D3-DFAD5FF25A72}
		{11503C56-C1A8-CC6D-B7CA-BAFEF0F047E8} = {4C547B5B-1C79-D8DD-05F5-C6BAAD0FF0DF}
		{CAE9D88E-B81B-FC44-391C-4E6D5BDDB3C4} = {11503C56-C1A8-CC6D-B7CA-BAFEF0F047E8}
		{487D74E0-8323-4239-A197-5B9AB9C17A38} = {CAE9D88E-B81B-FC44-391C-4E6D5BDDB3C4}
		{8155AF60-A808-1F62-6C7F-BC53A9605B73} = {11503C56-C1A8-CC6D-B7CA-BAFEF0F047E8}
		{01C2365F-D502-4775-8F63-119D3C23C3D9} = {8155AF60-A808-1F62-6C7F-BC53A9605B73}
		{E44B1F36-3513-3041-C851-CCD7D2AC99C2} = {11503C56-C1A8-CC6D-B7CA-BAFEF0F047E8}
		{9CD5D4DA-DFF6-4D30-8097-6AD949AF1DAB} = {E44B1F36-3513-3041-C851-CCD7D2AC99C2}
		{4BF37695-4FB3-7311-A1BF-FC0395E808DB} = {6C4D298B-81FB-2B6B-5AB6-46205EDDC72C}
		{A61C27B2-4FFE-4C4B-90DB-65B7BF48B80F} = {4BF37695-4FB3-7311-A1BF-FC0395E808DB}
		{4BD89CA8-4222-C251-A4E7-FD979F3A8BF5} = {8A911403-05CA-0311-6682-E3413C4E3662}
		{670636E3-F59E-49CB-B2D8-31D4B726DEEE} = {4BD89CA8-4222-C251-A4E7-FD979F3A8BF5}
		{74E93EC8-10BD-E79E-6B4F-1687C55D3DFA} = {8A911403-05CA-0311-6682-E3413C4E3662}
		{49B2315C-0620-4C98-A546-864F47B0AC25} = {74E93EC8-10BD-E79E-6B4F-1687C55D3DFA}
		{F74739B2-9BA2-4522-1096-533C352DB2C3} = {4C547B5B-1C79-D8DD-05F5-C6BAAD0FF0DF}
		{6C61C1C1-AD76-5705-7943-C5CFA3164C1E} = {F74739B2-9BA2-4522-1096-533C352DB2C3}
		{71FC407D-E26D-D9FF-86C3-AFC42FC6F310} = {6C61C1C1-AD76-5705-7943-C5CFA3164C1E}
		{A833B9A0-1E0F-47A8-8199-24AEF2BE8033} = {71FC407D-E26D-D9FF-86C3-AFC42FC6F310}
		{2244A761-9AA9-B51D-A56B-DAB0AB8D2FF5} = {6C61C1C1-AD76-5705-7943-C5CFA3164C1E}
		{761A241C-81EB-4A5C-9AEF-A498E73A11D7} = {2244A761-9AA9-B51D-A56B-DAB0AB8D2FF5}
		{5B105D9C-74DE-81DA-59FE-06EC2A2A28E1} = {6C61C1C1-AD76-5705-7943-C5CFA3164C1E}
		{20DB3023-F358-4C35-8601-2162FE022619} = {5B105D9C-74DE-81DA-59FE-06EC2A2A28E1}
		{09F66FD1-C00B-3ABA-13CB-97D4C53C0172} = {6C61C1C1-AD76-5705-7943-C5CFA3164C1E}
		{C64F8A7C-0EE3-47CF-9F2F-990A42F4E154} = {09F66FD1-C00B-3ABA-13CB-97D4C53C0172}
		{C788D591-62C6-B853-D30B-28015BB3B58F} = {6C61C1C1-AD76-5705-7943-C5CFA3164C1E}
		{5C4D04BF-38C1-4C9C-974D-92A5C973CBF9} = {C788D591-62C6-B853-D30B-28015BB3B58F}
		{7306867B-60EC-0D96-933A-05B200885BDC} = {6C61C1C1-AD76-5705-7943-C5CFA3164C1E}
		{6CDD5B7C-E74F-4CB4-B497-5EEE9ADD2E15} = {7306867B-60EC-0D96-933A-05B200885BDC}
		{64A7A3D1-AD7B-5101-CB29-98637EBD81B7} = {8A911403-05CA-0311-6682-E3413C4E3662}
		{197441A9-F146-8621-EF5B-6D4D4955D079} = {8A911403-05CA-0311-6682-E3413C4E3662}
		{2066DF3A-5326-46EE-AB4D-00E054B16332} = {8A911403-05CA-0311-6682-E3413C4E3662}
	EndGlobalSection
	GlobalSection(ExtensibilityGlobals) = postSolution
		SolutionGuid = {DF6FBFEF-A848-46E2-BA3F-CF11E4DD1A0A}
	EndGlobalSection
EndGlobal
