
Microsoft Visual Studio Solution File, Format Version 12.00
# Visual Studio Version 17
VisualStudioVersion = 17.5.2.0
MinimumVisualStudioVersion = 10.0.40219.1
Project("{2150E333-8FDC-42A3-9474-1A3956D46DE8}") = "apps", "apps", "{1787FE1D-075E-9E68-7218-25F1BD1BBEAB}"
EndProject
Project("{2150E333-8FDC-42A3-9474-1A3956D46DE8}") = "chat-api", "chat-api", "{511F3FA5-9A5B-B8BE-4FAE-1BBFFD9BF59F}"
EndProject
Project("{FAE04EC0-301F-11D3-BF4B-00C04F79EFBC}") = "CheeseGrater.ChatApi.ChatApi", "apps\chat-api\chat-api\CheeseGrater.ChatApi.ChatApi.csproj", "{697E3B5B-8F4B-DE03-0C96-C29415BCE3B8}"
EndProject
Project("{FAE04EC0-301F-11D3-BF4B-00C04F79EFBC}") = "CheeseGrater.ChatApi.ChatApi.Test", "apps\chat-api\chat-api-test\CheeseGrater.ChatApi.ChatApi.Test.csproj", "{9F2D16F5-2189-9D4C-F5F7-1620D3C883B6}"
EndProject
Project("{2150E333-8FDC-42A3-9474-1A3956D46DE8}") = "libs", "libs", "{6C4D298B-81FB-2B6B-5AB6-46205EDDC72C}"
EndProject
Project("{2150E333-8FDC-42A3-9474-1A3956D46DE8}") = "dotnet", "dotnet", "{4C547B5B-1C79-D8DD-05F5-C6BAAD0FF0DF}"
EndProject
Project("{2150E333-8FDC-42A3-9474-1A3956D46DE8}") = "application", "application", "{885F4E88-ADF7-A08D-59BA-245192060212}"
EndProject
Project("{FAE04EC0-301F-11D3-BF4B-00C04F79EFBC}") = "CheeseGrater.Dotnet.Application", "libs\dotnet\application\CheeseGrater.Dotnet.Application.csproj", "{D120BDD5-DF4B-455D-B71C-DC40859B732B}"
EndProject
Project("{2150E333-8FDC-42A3-9474-1A3956D46DE8}") = "domain", "domain", "{E9227AD2-6E75-F128-685E-6C9C0561110B}"
EndProject
Project("{FAE04EC0-301F-11D3-BF4B-00C04F79EFBC}") = "CheeseGrater.Dotnet.Domain", "libs\dotnet\domain\CheeseGrater.Dotnet.Domain.csproj", "{B2992196-4107-4A01-9585-172300DACBF3}"
EndProject
Project("{2150E333-8FDC-42A3-9474-1A3956D46DE8}") = "infrastructure", "infrastructure", "{AC9CB541-7C05-853D-DA3E-447BF04C6FC9}"
EndProject
Project("{FAE04EC0-301F-11D3-BF4B-00C04F79EFBC}") = "CheeseGrater.Dotnet.Infrastructure", "libs\dotnet\infrastructure\CheeseGrater.Dotnet.Infrastructure.csproj", "{78A77B8C-5B42-42C3-BDA0-A7F6A2B2C247}"
EndProject
Project("{2150E333-8FDC-42A3-9474-1A3956D46DE8}") = "infrastructure-test", "infrastructure-test", "{772C0CDC-9C1F-5A54-F5CF-A6BC89A97401}"
EndProject
Project("{FAE04EC0-301F-11D3-BF4B-00C04F79EFBC}") = "CheeseGrater.Dotnet.Infrastructure.Test", "libs\dotnet\infrastructure-test\CheeseGrater.Dotnet.Infrastructure.Test.csproj", "{235E7D24-1086-4C5B-8D4E-D50023B56553}"
EndProject
Project("{2150E333-8FDC-42A3-9474-1A3956D46DE8}") = "dotnet", "dotnet", "{8A911403-05CA-0311-6682-E3413C4E3662}"
EndProject
Project("{2150E333-8FDC-42A3-9474-1A3956D46DE8}") = "web", "web", "{C0492119-AC39-BE70-43D6-9DFCB58C7B08}"
EndProject
Project("{FAE04EC0-301F-11D3-BF4B-00C04F79EFBC}") = "CheeseGrater.Dotnet.Web", "apps\dotnet\web\CheeseGrater.Dotnet.Web.csproj", "{A5E50E10-A884-411E-9593-08B6BD38C1F6}"
EndProject
Project("{2150E333-8FDC-42A3-9474-1A3956D46DE8}") = "web-test", "web-test", "{ADBA436A-E28A-DF78-34D3-DFAD5FF25A72}"
EndProject
Project("{FAE04EC0-301F-11D3-BF4B-00C04F79EFBC}") = "CheeseGrater.Dotnet.Web.Test", "apps\dotnet\web-test\CheeseGrater.Dotnet.Web.Test.csproj", "{C32CB457-B614-4195-B176-51A3726896AA}"
EndProject
Global
	GlobalSection(SolutionConfigurationPlatforms) = preSolution
		Debug|Any CPU = Debug|Any CPU
		Debug|x64 = Debug|x64
		Debug|x86 = Debug|x86
		Release|Any CPU = Release|Any CPU
		Release|x64 = Release|x64
		Release|x86 = Release|x86
	EndGlobalSection
	GlobalSection(ProjectConfigurationPlatforms) = postSolution
		{697E3B5B-8F4B-DE03-0C96-C29415BCE3B8}.Debug|Any CPU.ActiveCfg = Debug|Any CPU
		{697E3B5B-8F4B-DE03-0C96-C29415BCE3B8}.Debug|Any CPU.Build.0 = Debug|Any CPU
		{697E3B5B-8F4B-DE03-0C96-C29415BCE3B8}.Debug|x64.ActiveCfg = Debug|Any CPU
		{697E3B5B-8F4B-DE03-0C96-C29415BCE3B8}.Debug|x64.Build.0 = Debug|Any CPU
		{697E3B5B-8F4B-DE03-0C96-C29415BCE3B8}.Debug|x86.ActiveCfg = Debug|Any CPU
		{697E3B5B-8F4B-DE03-0C96-C29415BCE3B8}.Debug|x86.Build.0 = Debug|Any CPU
		{697E3B5B-8F4B-DE03-0C96-C29415BCE3B8}.Release|Any CPU.ActiveCfg = Release|Any CPU
		{697E3B5B-8F4B-DE03-0C96-C29415BCE3B8}.Release|Any CPU.Build.0 = Release|Any CPU
		{697E3B5B-8F4B-DE03-0C96-C29415BCE3B8}.Release|x64.ActiveCfg = Release|Any CPU
		{697E3B5B-8F4B-DE03-0C96-C29415BCE3B8}.Release|x64.Build.0 = Release|Any CPU
		{697E3B5B-8F4B-DE03-0C96-C29415BCE3B8}.Release|x86.ActiveCfg = Release|Any CPU
		{697E3B5B-8F4B-DE03-0C96-C29415BCE3B8}.Release|x86.Build.0 = Release|Any CPU
		{9F2D16F5-2189-9D4C-F5F7-1620D3C883B6}.Debug|Any CPU.ActiveCfg = Debug|Any CPU
		{9F2D16F5-2189-9D4C-F5F7-1620D3C883B6}.Debug|Any CPU.Build.0 = Debug|Any CPU
		{9F2D16F5-2189-9D4C-F5F7-1620D3C883B6}.Debug|x64.ActiveCfg = Debug|Any CPU
		{9F2D16F5-2189-9D4C-F5F7-1620D3C883B6}.Debug|x64.Build.0 = Debug|Any CPU
		{9F2D16F5-2189-9D4C-F5F7-1620D3C883B6}.Debug|x86.ActiveCfg = Debug|Any CPU
		{9F2D16F5-2189-9D4C-F5F7-1620D3C883B6}.Debug|x86.Build.0 = Debug|Any CPU
		{9F2D16F5-2189-9D4C-F5F7-1620D3C883B6}.Release|Any CPU.ActiveCfg = Release|Any CPU
		{9F2D16F5-2189-9D4C-F5F7-1620D3C883B6}.Release|Any CPU.Build.0 = Release|Any CPU
		{9F2D16F5-2189-9D4C-F5F7-1620D3C883B6}.Release|x64.ActiveCfg = Release|Any CPU
		{9F2D16F5-2189-9D4C-F5F7-1620D3C883B6}.Release|x64.Build.0 = Release|Any CPU
		{9F2D16F5-2189-9D4C-F5F7-1620D3C883B6}.Release|x86.ActiveCfg = Release|Any CPU
		{9F2D16F5-2189-9D4C-F5F7-1620D3C883B6}.Release|x86.Build.0 = Release|Any CPU
		{D120BDD5-DF4B-455D-B71C-DC40859B732B}.Debug|Any CPU.ActiveCfg = Debug|Any CPU
		{D120BDD5-DF4B-455D-B71C-DC40859B732B}.Debug|Any CPU.Build.0 = Debug|Any CPU
		{D120BDD5-DF4B-455D-B71C-DC40859B732B}.Debug|x64.ActiveCfg = Debug|Any CPU
		{D120BDD5-DF4B-455D-B71C-DC40859B732B}.Debug|x64.Build.0 = Debug|Any CPU
		{D120BDD5-DF4B-455D-B71C-DC40859B732B}.Debug|x86.ActiveCfg = Debug|Any CPU
		{D120BDD5-DF4B-455D-B71C-DC40859B732B}.Debug|x86.Build.0 = Debug|Any CPU
		{D120BDD5-DF4B-455D-B71C-DC40859B732B}.Release|Any CPU.ActiveCfg = Release|Any CPU
		{D120BDD5-DF4B-455D-B71C-DC40859B732B}.Release|Any CPU.Build.0 = Release|Any CPU
		{D120BDD5-DF4B-455D-B71C-DC40859B732B}.Release|x64.ActiveCfg = Release|Any CPU
		{D120BDD5-DF4B-455D-B71C-DC40859B732B}.Release|x64.Build.0 = Release|Any CPU
		{D120BDD5-DF4B-455D-B71C-DC40859B732B}.Release|x86.ActiveCfg = Release|Any CPU
		{D120BDD5-DF4B-455D-B71C-DC40859B732B}.Release|x86.Build.0 = Release|Any CPU
		{B2992196-4107-4A01-9585-172300DACBF3}.Debug|Any CPU.ActiveCfg = Debug|Any CPU
		{B2992196-4107-4A01-9585-172300DACBF3}.Debug|Any CPU.Build.0 = Debug|Any CPU
		{B2992196-4107-4A01-9585-172300DACBF3}.Debug|x64.ActiveCfg = Debug|Any CPU
		{B2992196-4107-4A01-9585-172300DACBF3}.Debug|x64.Build.0 = Debug|Any CPU
		{B2992196-4107-4A01-9585-172300DACBF3}.Debug|x86.ActiveCfg = Debug|Any CPU
		{B2992196-4107-4A01-9585-172300DACBF3}.Debug|x86.Build.0 = Debug|Any CPU
		{B2992196-4107-4A01-9585-172300DACBF3}.Release|Any CPU.ActiveCfg = Release|Any CPU
		{B2992196-4107-4A01-9585-172300DACBF3}.Release|Any CPU.Build.0 = Release|Any CPU
		{B2992196-4107-4A01-9585-172300DACBF3}.Release|x64.ActiveCfg = Release|Any CPU
		{B2992196-4107-4A01-9585-172300DACBF3}.Release|x64.Build.0 = Release|Any CPU
		{B2992196-4107-4A01-9585-172300DACBF3}.Release|x86.ActiveCfg = Release|Any CPU
		{B2992196-4107-4A01-9585-172300DACBF3}.Release|x86.Build.0 = Release|Any CPU
		{78A77B8C-5B42-42C3-BDA0-A7F6A2B2C247}.Debug|Any CPU.ActiveCfg = Debug|Any CPU
		{78A77B8C-5B42-42C3-BDA0-A7F6A2B2C247}.Debug|Any CPU.Build.0 = Debug|Any CPU
		{78A77B8C-5B42-42C3-BDA0-A7F6A2B2C247}.Debug|x64.ActiveCfg = Debug|Any CPU
		{78A77B8C-5B42-42C3-BDA0-A7F6A2B2C247}.Debug|x64.Build.0 = Debug|Any CPU
		{78A77B8C-5B42-42C3-BDA0-A7F6A2B2C247}.Debug|x86.ActiveCfg = Debug|Any CPU
		{78A77B8C-5B42-42C3-BDA0-A7F6A2B2C247}.Debug|x86.Build.0 = Debug|Any CPU
		{78A77B8C-5B42-42C3-BDA0-A7F6A2B2C247}.Release|Any CPU.ActiveCfg = Release|Any CPU
		{78A77B8C-5B42-42C3-BDA0-A7F6A2B2C247}.Release|Any CPU.Build.0 = Release|Any CPU
		{78A77B8C-5B42-42C3-BDA0-A7F6A2B2C247}.Release|x64.ActiveCfg = Release|Any CPU
		{78A77B8C-5B42-42C3-BDA0-A7F6A2B2C247}.Release|x64.Build.0 = Release|Any CPU
		{78A77B8C-5B42-42C3-BDA0-A7F6A2B2C247}.Release|x86.ActiveCfg = Release|Any CPU
		{78A77B8C-5B42-42C3-BDA0-A7F6A2B2C247}.Release|x86.Build.0 = Release|Any CPU
		{235E7D24-1086-4C5B-8D4E-D50023B56553}.Debug|Any CPU.ActiveCfg = Debug|Any CPU
		{235E7D24-1086-4C5B-8D4E-D50023B56553}.Debug|Any CPU.Build.0 = Debug|Any CPU
		{235E7D24-1086-4C5B-8D4E-D50023B56553}.Debug|x64.ActiveCfg = Debug|Any CPU
		{235E7D24-1086-4C5B-8D4E-D50023B56553}.Debug|x64.Build.0 = Debug|Any CPU
		{235E7D24-1086-4C5B-8D4E-D50023B56553}.Debug|x86.ActiveCfg = Debug|Any CPU
		{235E7D24-1086-4C5B-8D4E-D50023B56553}.Debug|x86.Build.0 = Debug|Any CPU
		{235E7D24-1086-4C5B-8D4E-D50023B56553}.Release|Any CPU.ActiveCfg = Release|Any CPU
		{235E7D24-1086-4C5B-8D4E-D50023B56553}.Release|Any CPU.Build.0 = Release|Any CPU
		{235E7D24-1086-4C5B-8D4E-D50023B56553}.Release|x64.ActiveCfg = Release|Any CPU
		{235E7D24-1086-4C5B-8D4E-D50023B56553}.Release|x64.Build.0 = Release|Any CPU
		{235E7D24-1086-4C5B-8D4E-D50023B56553}.Release|x86.ActiveCfg = Release|Any CPU
		{235E7D24-1086-4C5B-8D4E-D50023B56553}.Release|x86.Build.0 = Release|Any CPU
		{A5E50E10-A884-411E-9593-08B6BD38C1F6}.Debug|Any CPU.ActiveCfg = Debug|Any CPU
		{A5E50E10-A884-411E-9593-08B6BD38C1F6}.Debug|Any CPU.Build.0 = Debug|Any CPU
		{A5E50E10-A884-411E-9593-08B6BD38C1F6}.Debug|x64.ActiveCfg = Debug|Any CPU
		{A5E50E10-A884-411E-9593-08B6BD38C1F6}.Debug|x64.Build.0 = Debug|Any CPU
		{A5E50E10-A884-411E-9593-08B6BD38C1F6}.Debug|x86.ActiveCfg = Debug|Any CPU
		{A5E50E10-A884-411E-9593-08B6BD38C1F6}.Debug|x86.Build.0 = Debug|Any CPU
		{A5E50E10-A884-411E-9593-08B6BD38C1F6}.Release|Any CPU.ActiveCfg = Release|Any CPU
		{A5E50E10-A884-411E-9593-08B6BD38C1F6}.Release|Any CPU.Build.0 = Release|Any CPU
		{A5E50E10-A884-411E-9593-08B6BD38C1F6}.Release|x64.ActiveCfg = Release|Any CPU
		{A5E50E10-A884-411E-9593-08B6BD38C1F6}.Release|x64.Build.0 = Release|Any CPU
		{A5E50E10-A884-411E-9593-08B6BD38C1F6}.Release|x86.ActiveCfg = Release|Any CPU
		{A5E50E10-A884-411E-9593-08B6BD38C1F6}.Release|x86.Build.0 = Release|Any CPU
		{C32CB457-B614-4195-B176-51A3726896AA}.Debug|Any CPU.ActiveCfg = Debug|Any CPU
		{C32CB457-B614-4195-B176-51A3726896AA}.Debug|Any CPU.Build.0 = Debug|Any CPU
		{C32CB457-B614-4195-B176-51A3726896AA}.Debug|x64.ActiveCfg = Debug|Any CPU
		{C32CB457-B614-4195-B176-51A3726896AA}.Debug|x64.Build.0 = Debug|Any CPU
		{C32CB457-B614-4195-B176-51A3726896AA}.Debug|x86.ActiveCfg = Debug|Any CPU
		{C32CB457-B614-4195-B176-51A3726896AA}.Debug|x86.Build.0 = Debug|Any CPU
		{C32CB457-B614-4195-B176-51A3726896AA}.Release|Any CPU.ActiveCfg = Release|Any CPU
		{C32CB457-B614-4195-B176-51A3726896AA}.Release|Any CPU.Build.0 = Release|Any CPU
		{C32CB457-B614-4195-B176-51A3726896AA}.Release|x64.ActiveCfg = Release|Any CPU
		{C32CB457-B614-4195-B176-51A3726896AA}.Release|x64.Build.0 = Release|Any CPU
		{C32CB457-B614-4195-B176-51A3726896AA}.Release|x86.ActiveCfg = Release|Any CPU
		{C32CB457-B614-4195-B176-51A3726896AA}.Release|x86.Build.0 = Release|Any CPU
	EndGlobalSection
	GlobalSection(SolutionProperties) = preSolution
		HideSolutionNode = FALSE
	EndGlobalSection
	GlobalSection(NestedProjects) = preSolution
		{511F3FA5-9A5B-B8BE-4FAE-1BBFFD9BF59F} = {1787FE1D-075E-9E68-7218-25F1BD1BBEAB}
		{697E3B5B-8F4B-DE03-0C96-C29415BCE3B8} = {511F3FA5-9A5B-B8BE-4FAE-1BBFFD9BF59F}
		{9F2D16F5-2189-9D4C-F5F7-1620D3C883B6} = {511F3FA5-9A5B-B8BE-4FAE-1BBFFD9BF59F}
		{4C547B5B-1C79-D8DD-05F5-C6BAAD0FF0DF} = {6C4D298B-81FB-2B6B-5AB6-46205EDDC72C}
		{885F4E88-ADF7-A08D-59BA-245192060212} = {4C547B5B-1C79-D8DD-05F5-C6BAAD0FF0DF}
		{D120BDD5-DF4B-455D-B71C-DC40859B732B} = {885F4E88-ADF7-A08D-59BA-245192060212}
		{E9227AD2-6E75-F128-685E-6C9C0561110B} = {4C547B5B-1C79-D8DD-05F5-C6BAAD0FF0DF}
		{B2992196-4107-4A01-9585-172300DACBF3} = {E9227AD2-6E75-F128-685E-6C9C0561110B}
		{AC9CB541-7C05-853D-DA3E-447BF04C6FC9} = {4C547B5B-1C79-D8DD-05F5-C6BAAD0FF0DF}
		{78A77B8C-5B42-42C3-BDA0-A7F6A2B2C247} = {AC9CB541-7C05-853D-DA3E-447BF04C6FC9}
		{772C0CDC-9C1F-5A54-F5CF-A6BC89A97401} = {4C547B5B-1C79-D8DD-05F5-C6BAAD0FF0DF}
		{235E7D24-1086-4C5B-8D4E-D50023B56553} = {772C0CDC-9C1F-5A54-F5CF-A6BC89A97401}
		{8A911403-05CA-0311-6682-E3413C4E3662} = {1787FE1D-075E-9E68-7218-25F1BD1BBEAB}
		{C0492119-AC39-BE70-43D6-9DFCB58C7B08} = {8A911403-05CA-0311-6682-E3413C4E3662}
		{A5E50E10-A884-411E-9593-08B6BD38C1F6} = {C0492119-AC39-BE70-43D6-9DFCB58C7B08}
		{ADBA436A-E28A-DF78-34D3-DFAD5FF25A72} = {8A911403-05CA-0311-6682-E3413C4E3662}
		{C32CB457-B614-4195-B176-51A3726896AA} = {ADBA436A-E28A-DF78-34D3-DFAD5FF25A72}
	EndGlobalSection
	GlobalSection(ExtensibilityGlobals) = postSolution
		SolutionGuid = {DF6FBFEF-A848-46E2-BA3F-CF11E4DD1A0A}
	EndGlobalSection
EndGlobal
